
Microsoft Visual Studio Solution File, Format Version 12.00
# Visual Studio Version 16
VisualStudioVersion = 16.0.31112.23
MinimumVisualStudioVersion = 10.0.40219.1
Project("{FAE04EC0-301F-11D3-BF4B-00C04F79EFBC}") = "NSBattle", "NSBattle\NSBattle.csproj", "{DD4D588B-832F-4376-AD98-DEC07E8FBD25}"
EndProject
Global
	GlobalSection(SolutionConfigurationPlatforms) = preSolution
		Debug|Any CPU = Debug|Any CPU
		Release|Any CPU = Release|Any CPU
	EndGlobalSection
	GlobalSection(ProjectConfigurationPlatforms) = postSolution
		{DD4D588B-832F-4376-AD98-DEC07E8FBD25}.Debug|Any CPU.ActiveCfg = Debug|Any CPU
		{DD4D588B-832F-4376-AD98-DEC07E8FBD25}.Debug|Any CPU.Build.0 = Debug|Any CPU
		{DD4D588B-832F-4376-AD98-DEC07E8FBD25}.Release|Any CPU.ActiveCfg = Release|Any CPU
		{DD4D588B-832F-4376-AD98-DEC07E8FBD25}.Release|Any CPU.Build.0 = Release|Any CPU
	EndGlobalSection
	GlobalSection(SolutionProperties) = preSolution
		HideSolutionNode = FALSE
	EndGlobalSection
	GlobalSection(ExtensibilityGlobals) = postSolution
		SolutionGuid = {F12E9292-77F2-464B-AED5-A575D1F73BD5}
	EndGlobalSection
EndGlobal
